
Microsoft Visual Studio Solution File, Format Version 9.00
# Visual Studio 2005
Project("{FAE04EC0-301F-11D3-BF4B-00C04F79EFBC}") = "Sudoku", "Sudoku\Sudoku.csproj", "{557859DF-A239-457F-8E4C-9EE083C9BC07}"
EndProject
Global
	GlobalSection(SolutionConfigurationPlatforms) = preSolution
		Debug|Any CPU = Debug|Any CPU
		Release|Any CPU = Release|Any CPU
	EndGlobalSection
	GlobalSection(ProjectConfigurationPlatforms) = postSolution
		{557859DF-A239-457F-8E4C-9EE083C9BC07}.Debug|Any CPU.ActiveCfg = Debug|Any CPU
		{557859DF-A239-457F-8E4C-9EE083C9BC07}.Debug|Any CPU.Build.0 = Debug|Any CPU
		{557859DF-A239-457F-8E4C-9EE083C9BC07}.Release|Any CPU.ActiveCfg = Release|Any CPU
		{557859DF-A239-457F-8E4C-9EE083C9BC07}.Release|Any CPU.Build.0 = Release|Any CPU
	EndGlobalSection
	GlobalSection(SolutionProperties) = preSolution
		HideSolutionNode = FALSE
	EndGlobalSection
EndGlobal
